// !$*UTF8*$!
{
	archiveVersion = 1;
	classes = {
	};
	objectVersion = 46;
	objects = {

/* Begin PBXBuildFile section */
		ACD3A4661EF12100002D5DE9 /* AppDelegate.swift in Sources */ = {isa = PBXBuildFile; fileRef = ACD3A4651EF12100002D5DE9 /* AppDelegate.swift */; };
		ACD3A4681EF12100002D5DE9 /* ViewController.swift in Sources */ = {isa = PBXBuildFile; fileRef = ACD3A4671EF12100002D5DE9 /* ViewController.swift */; };
		ACD3A46B1EF12100002D5DE9 /* Main.storyboard in Resources */ = {isa = PBXBuildFile; fileRef = ACD3A4691EF12100002D5DE9 /* Main.storyboard */; };
		ACD3A46D1EF12100002D5DE9 /* Assets.xcassets in Resources */ = {isa = PBXBuildFile; fileRef = ACD3A46C1EF12100002D5DE9 /* Assets.xcassets */; };
		ACD3A4701EF12100002D5DE9 /* LaunchScreen.storyboard in Resources */ = {isa = PBXBuildFile; fileRef = ACD3A46E1EF12100002D5DE9 /* LaunchScreen.storyboard */; };
/* End PBXBuildFile section */

/* Begin PBXFileReference section */
		ACD3A4621EF12100002D5DE9 /* TestGit1.app */ = {isa = PBXFileReference; explicitFileType = wrapper.application; includeInIndex = 0; path = TestGit1.app; sourceTree = BUILT_PRODUCTS_DIR; };
		ACD3A4651EF12100002D5DE9 /* AppDelegate.swift */ = {isa = PBXFileReference; lastKnownFileType = sourcecode.swift; path = AppDelegate.swift; sourceTree = "<group>"; };
		ACD3A4671EF12100002D5DE9 /* ViewController.swift */ = {isa = PBXFileReference; lastKnownFileType = sourcecode.swift; path = ViewController.swift; sourceTree = "<group>"; };
		ACD3A46A1EF12100002D5DE9 /* Base */ = {isa = PBXFileReference; lastKnownFileType = file.storyboard; name = Base; path = Base.lproj/Main.storyboard; sourceTree = "<group>"; };
		ACD3A46C1EF12100002D5DE9 /* Assets.xcassets */ = {isa = PBXFileReference; lastKnownFileType = folder.assetcatalog; path = Assets.xcassets; sourceTree = "<group>"; };
		ACD3A46F1EF12100002D5DE9 /* Base */ = {isa = PBXFileReference; lastKnownFileType = file.storyboard; name = Base; path = Base.lproj/LaunchScreen.storyboard; sourceTree = "<group>"; };
		ACD3A4711EF12100002D5DE9 /* Info.plist */ = {isa = PBXFileReference; lastKnownFileType = text.plist.xml; path = Info.plist; sourceTree = "<group>"; };
/* End PBXFileReference section */

/* Begin PBXFrameworksBuildPhase section */
		ACD3A45F1EF12100002D5DE9 /* Frameworks */ = {
			isa = PBXFrameworksBuildPhase;
			buildActionMask = 2147483647;
			files = (
			);
			runOnlyForDeploymentPostprocessing = 0;
		};
/* End PBXFrameworksBuildPhase section */

/* Begin PBXGroup section */
		ACD3A4591EF12100002D5DE9 = {
			isa = PBXGroup;
			children = (
				ACD3A4641EF12100002D5DE9 /* TestGit1 */,
				ACD3A4631EF12100002D5DE9 /* Products */,
			);
			sourceTree = "<group>";
		};
		ACD3A4631EF12100002D5DE9 /* Products */ = {
			isa = PBXGroup;
			children = (
				ACD3A4621EF12100002D5DE9 /* TestGit1.app */,
			);
			name = Products;
			sourceTree = "<group>";
		};
		ACD3A4641EF12100002D5DE9 /* TestGit1 */ = {
			isa = PBXGroup;
			children = (
				ACD3A4651EF12100002D5DE9 /* AppDelegate.swift */,
				ACD3A4671EF12100002D5DE9 /* ViewController.swift */,
				ACD3A4691EF12100002D5DE9 /* Main.storyboard */,
				ACD3A46C1EF12100002D5DE9 /* Assets.xcassets */,
				ACD3A46E1EF12100002D5DE9 /* LaunchScreen.storyboard */,
				ACD3A4711EF12100002D5DE9 /* Info.plist */,
			);
			path = TestGit1;
			sourceTree = "<group>";
		};
/* End PBXGroup section */

/* Begin PBXNativeTarget section */
		ACD3A4611EF12100002D5DE9 /* TestGit1 */ = {
			isa = PBXNativeTarget;
			buildConfigurationList = ACD3A4741EF12100002D5DE9 /* Build configuration list for PBXNativeTarget "TestGit1" */;
			buildPhases = (
				ACD3A45E1EF12100002D5DE9 /* Sources */,
				ACD3A45F1EF12100002D5DE9 /* Frameworks */,
				ACD3A4601EF12100002D5DE9 /* Resources */,
			);
			buildRules = (
			);
			dependencies = (
			);
			name = TestGit1;
			productName = TestGit1;
			productReference = ACD3A4621EF12100002D5DE9 /* TestGit1.app */;
			productType = "com.apple.product-type.application";
		};
/* End PBXNativeTarget section */

/* Begin PBXProject section */
		ACD3A45A1EF12100002D5DE9 /* Project object */ = {
			isa = PBXProject;
			attributes = {
				LastSwiftUpdateCheck = 0820;
				LastUpgradeCheck = 0820;
				ORGANIZATIONNAME = tco_labs;
				TargetAttributes = {
					ACD3A4611EF12100002D5DE9 = {
						CreatedOnToolsVersion = 8.2.1;
						DevelopmentTeam = CPE9FKCR3G;
						ProvisioningStyle = Automatic;
					};
				};
			};
			buildConfigurationList = ACD3A45D1EF12100002D5DE9 /* Build configuration list for PBXProject "TestGit1" */;
			compatibilityVersion = "Xcode 3.2";
			developmentRegion = English;
			hasScannedForEncodings = 0;
			knownRegions = (
				en,
				Base,
			);
			mainGroup = ACD3A4591EF12100002D5DE9;
			productRefGroup = ACD3A4631EF12100002D5DE9 /* Products */;
			projectDirPath = "";
			projectRoot = "";
			targets = (
				ACD3A4611EF12100002D5DE9 /* TestGit1 */,
			);
		};
/* End PBXProject section */

/* Begin PBXResourcesBuildPhase section */
		ACD3A4601EF12100002D5DE9 /* Resources */ = {
			isa = PBXResourcesBuildPhase;
			buildActionMask = 2147483647;
			files = (
				ACD3A4701EF12100002D5DE9 /* LaunchScreen.storyboard in Resources */,
				ACD3A46D1EF12100002D5DE9 /* Assets.xcassets in Resources */,
				ACD3A46B1EF12100002D5DE9 /* Main.storyboard in Resources */,
			);
			runOnlyForDeploymentPostprocessing = 0;
		};
/* End PBXResourcesBuildPhase section */

/* Begin PBXSourcesBuildPhase section */
		ACD3A45E1EF12100002D5DE9 /* Sources */ = {
			isa = PBXSourcesBuildPhase;
			buildActionMask = 2147483647;
			files = (
				ACD3A4681EF12100002D5DE9 /* ViewController.swift in Sources */,
				ACD3A4661EF12100002D5DE9 /* AppDelegate.swift in Sources */,
			);
			runOnlyForDeploymentPostprocessing = 0;
		};
/* End PBXSourcesBuildPhase section */

/* Begin PBXVariantGroup section */
		ACD3A4691EF12100002D5DE9 /* Main.storyboard */ = {
			isa = PBXVariantGroup;
			children = (
				ACD3A46A1EF12100002D5DE9 /* Base */,
			);
			name = Main.storyboard;
			sourceTree = "<group>";
		};
		ACD3A46E1EF12100002D5DE9 /* LaunchScreen.storyboard */ = {
			isa = PBXVariantGroup;
			children = (
				ACD3A46F1EF12100002D5DE9 /* Base */,
			);
			name = LaunchScreen.storyboard;
			sourceTree = "<group>";
		};
/* End PBXVariantGroup section */

/* Begin XCBuildConfiguration section */
		ACD3A4721EF12100002D5DE9 /* Debug */ = {
			isa = XCBuildConfiguration;
			buildSettings = {
				ALWAYS_SEARCH_USER_PATHS = NO;
				CLANG_ANALYZER_NONNULL = YES;
				CLANG_CXX_LANGUAGE_STANDARD = "gnu++0x";
				CLANG_CXX_LIBRARY = "libc++";
				CLANG_ENABLE_MODULES = YES;
				CLANG_ENABLE_OBJC_ARC = YES;
				CLANG_WARN_BOOL_CONVERSION = YES;
				CLANG_WARN_CONSTANT_CONVERSION = YES;
				CLANG_WARN_DIRECT_OBJC_ISA_USAGE = YES_ERROR;
				CLANG_WARN_DOCUMENTATION_COMMENTS = YES;
				CLANG_WARN_EMPTY_BODY = YES;
				CLANG_WARN_ENUM_CONVERSION = YES;
				CLANG_WARN_INFINITE_RECURSION = YES;
				CLANG_WARN_INT_CONVERSION = YES;
				CLANG_WARN_OBJC_ROOT_CLASS = YES_ERROR;
				CLANG_WARN_SUSPICIOUS_MOVE = YES;
				CLANG_WARN_UNREACHABLE_CODE = YES;
				CLANG_WARN__DUPLICATE_METHOD_MATCH = YES;
				"CODE_SIGN_IDENTITY[sdk=iphoneos*]" = "iPhone Developer";
				COPY_PHASE_STRIP = NO;
				DEBUG_INFORMATION_FORMAT = dwarf;
				ENABLE_STRICT_OBJC_MSGSEND = YES;
				ENABLE_TESTABILITY = YES;
				GCC_C_LANGUAGE_STANDARD = gnu99;
				GCC_DYNAMIC_NO_PIC = NO;
				GCC_NO_COMMON_BLOCKS = YES;
				GCC_OPTIMIZATION_LEVEL = 0;
				GCC_PREPROCESSOR_DEFINITIONS = (
					"DEBUG=1",
					"$(inherited)",
				);
				GCC_WARN_64_TO_32_BIT_CONVERSION = YES;
				GCC_WARN_ABOUT_RETURN_TYPE = YES_ERROR;
				GCC_WARN_UNDECLARED_SELECTOR = YES;
				GCC_WARN_UNINITIALIZED_AUTOS = YES_AGGRESSIVE;
				GCC_WARN_UNUSED_FUNCTION = YES;
				GCC_WARN_UNUSED_VARIABLE = YES;
				IPHONEOS_DEPLOYMENT_TARGET = 10.2;
				MTL_ENABLE_DEBUG_INFO = YES;
				ONLY_ACTIVE_ARCH = YES;
				SDKROOT = iphoneos;
				SWIFT_ACTIVE_COMPILATION_CONDITIONS = DEBUG;
				SWIFT_OPTIMIZATION_LEVEL = "-Onone";
			};
			name = Debug;
		};
		ACD3A4731EF12100002D5DE9 /* Release */ = {
			isa = XCBuildConfiguration;
			buildSettings = {
				ALWAYS_SEARCH_USER_PATHS = NO;
				CLANG_ANALYZER_NONNULL = YES;
				CLANG_CXX_LANGUAGE_STANDARD = "gnu++0x";
				CLANG_CXX_LIBRARY = "libc++";
				CLANG_ENABLE_MODULES = YES;
				CLANG_ENABLE_OBJC_ARC = YES;
				CLANG_WARN_BOOL_CONVERSION = YES;
				CLANG_WARN_CONSTANT_CONVERSION = YES;
				CLANG_WARN_DIRECT_OBJC_ISA_USAGE = YES_ERROR;
				CLANG_WARN_DOCUMENTATION_COMMENTS = YES;
				CLANG_WARN_EMPTY_BODY = YES;
				CLANG_WARN_ENUM_CONVERSION = YES;
				CLANG_WARN_INFINITE_RECURSION = YES;
				CLANG_WARN_INT_CONVERSION = YES;
				CLANG_WARN_OBJC_ROOT_CLASS = YES_ERROR;
				CLANG_WARN_SUSPICIOUS_MOVE = YES;
				CLANG_WARN_UNREACHABLE_CODE = YES;
				CLANG_WARN__DUPLICATE_METHOD_MATCH = YES;
				"CODE_SIGN_IDENTITY[sdk=iphoneos*]" = "iPhone Developer";
				COPY_PHASE_STRIP = NO;
				DEBUG_INFORMATION_FORMAT = "dwarf-with-dsym";
				ENABLE_NS_ASSERTIONS = NO;
				ENABLE_STRICT_OBJC_MSGSEND = YES;
				GCC_C_LANGUAGE_STANDARD = gnu99;
				GCC_NO_COMMON_BLOCKS = YES;
				GCC_WARN_64_TO_32_BIT_CONVERSION = YES;
				GCC_WARN_ABOUT_RETURN_TYPE = YES_ERROR;
				GCC_WARN_UNDECLARED_SELECTOR = YES;
				GCC_WARN_UNINITIALIZED_AUTOS = YES_AGGRESSIVE;
				GCC_WARN_UNUSED_FUNCTION = YES;
				GCC_WARN_UNUSED_VARIABLE = YES;
				IPHONEOS_DEPLOYMENT_TARGET = 10.2;
				MTL_ENABLE_DEBUG_INFO = NO;
				SDKROOT = iphoneos;
				SWIFT_OPTIMIZATION_LEVEL = "-Owholemodule";
				VALIDATE_PRODUCT = YES;
			};
			name = Release;
		};
		ACD3A4751EF12100002D5DE9 /* Debug */ = {
			isa = XCBuildConfiguration;
			buildSettings = {
				ASSETCATALOG_COMPILER_APPICON_NAME = AppIcon;
				DEVELOPMENT_TEAM = CPE9FKCR3G;
				INFOPLIST_FILE = TestGit1/Info.plist;
				LD_RUNPATH_SEARCH_PATHS = "$(inherited) @executable_path/Frameworks";
				PRODUCT_BUNDLE_IDENTIFIER = com.thierrycomel.TestGit1;
				PRODUCT_NAME = "$(TARGET_NAME)";
				SWIFT_VERSION = 3.0;
			};
			name = Debug;
		};
		ACD3A4761EF12100002D5DE9 /* Release */ = {
			isa = XCBuildConfiguration;
			buildSettings = {
				ASSETCATALOG_COMPILER_APPICON_NAME = AppIcon;
				DEVELOPMENT_TEAM = CPE9FKCR3G;
				INFOPLIST_FILE = TestGit1/Info.plist;
				LD_RUNPATH_SEARCH_PATHS = "$(inherited) @executable_path/Frameworks";
				PRODUCT_BUNDLE_IDENTIFIER = com.thierrycomel.TestGit1;
				PRODUCT_NAME = "$(TARGET_NAME)";
				SWIFT_VERSION = 3.0;
			};
			name = Release;
		};
/* End XCBuildConfiguration section */

/* Begin XCConfigurationList section */
		ACD3A45D1EF12100002D5DE9 /* Build configuration list for PBXProject "TestGit1" */ = {
			isa = XCConfigurationList;
			buildConfigurations = (
				ACD3A4721EF12100002D5DE9 /* Debug */,
				ACD3A4731EF12100002D5DE9 /* Release */,
			);
			defaultConfigurationIsVisible = 0;
			defaultConfigurationName = Release;
		};
		ACD3A4741EF12100002D5DE9 /* Build configuration list for PBXNativeTarget "TestGit1" */ = {
			isa = XCConfigurationList;
			buildConfigurations = (
				ACD3A4751EF12100002D5DE9 /* Debug */,
				ACD3A4761EF12100002D5DE9 /* Release */,
			);
			defaultConfigurationIsVisible = 0;
		};
/* End XCConfigurationList section */
	};
	rootObject = ACD3A45A1EF12100002D5DE9 /* Project object */;
}
